
Microsoft Visual Studio Solution File, Format Version 12.00
# Visual Studio Version 17
VisualStudioVersion = 17.14.36301.6 d17.14
MinimumVisualStudioVersion = 10.0.40219.1
Project("{F184B08F-C81C-45F6-A57F-5ABD9991F28F}") = "Sedici-9", "Sedici-9.vbproj", "{3FE39537-8FD4-486A-BF80-2FC0FE3F72EE}"
EndProject
Global
	GlobalSection(SolutionConfigurationPlatforms) = preSolution
		Debug|Any CPU = Debug|Any CPU
		Release|Any CPU = Release|Any CPU
	EndGlobalSection
	GlobalSection(ProjectConfigurationPlatforms) = postSolution
		{3FE39537-8FD4-486A-BF80-2FC0FE3F72EE}.Debug|Any CPU.ActiveCfg = Debug|Any CPU
		{3FE39537-8FD4-486A-BF80-2FC0FE3F72EE}.Debug|Any CPU.Build.0 = Debug|Any CPU
		{3FE39537-8FD4-486A-BF80-2FC0FE3F72EE}.Release|Any CPU.ActiveCfg = Release|Any CPU
		{3FE39537-8FD4-486A-BF80-2FC0FE3F72EE}.Release|Any CPU.Build.0 = Release|Any CPU
	EndGlobalSection
	GlobalSection(SolutionProperties) = preSolution
		HideSolutionNode = FALSE
	EndGlobalSection
	GlobalSection(ExtensibilityGlobals) = postSolution
		SolutionGuid = {15D90E11-A5B4-4AC5-9ADF-3801728ED19B}
	EndGlobalSection
EndGlobal
